// !$*UTF8*$!
{
	archiveVersion = 1;
	classes = {
	};
	objectVersion = 50;
	objects = {

/* Begin PBXBuildFile section */
		F75069F822DA1FB600EB4779 /* AppDelegate.swift in Sources */ = {isa = PBXBuildFile; fileRef = F75069F722DA1FB600EB4779 /* AppDelegate.swift */; };
		F75069FA22DA1FB600EB4779 /* ViewController.swift in Sources */ = {isa = PBXBuildFile; fileRef = F75069F922DA1FB600EB4779 /* ViewController.swift */; };
		F75069FD22DA1FB600EB4779 /* Main.storyboard in Resources */ = {isa = PBXBuildFile; fileRef = F75069FB22DA1FB600EB4779 /* Main.storyboard */; };
		F75069FF22DA1FBF00EB4779 /* Assets.xcassets in Resources */ = {isa = PBXBuildFile; fileRef = F75069FE22DA1FBF00EB4779 /* Assets.xcassets */; };
		F7506A0222DA1FBF00EB4779 /* LaunchScreen.storyboard in Resources */ = {isa = PBXBuildFile; fileRef = F7506A0022DA1FBF00EB4779 /* LaunchScreen.storyboard */; };
		F7506A0D22DA1FBF00EB4779 /* UITableViewAnimateCellContentSizeChangeTests.swift in Sources */ = {isa = PBXBuildFile; fileRef = F7506A0C22DA1FBF00EB4779 /* UITableViewAnimateCellContentSizeChangeTests.swift */; };
		F7506A1822DA1FC000EB4779 /* UITableViewAnimateCellContentSizeChangeUITests.swift in Sources */ = {isa = PBXBuildFile; fileRef = F7506A1722DA1FC000EB4779 /* UITableViewAnimateCellContentSizeChangeUITests.swift */; };
/* End PBXBuildFile section */

/* Begin PBXContainerItemProxy section */
		F7506A0922DA1FBF00EB4779 /* PBXContainerItemProxy */ = {
			isa = PBXContainerItemProxy;
			containerPortal = F75069EC22DA1FB600EB4779 /* Project object */;
			proxyType = 1;
			remoteGlobalIDString = F75069F322DA1FB600EB4779;
			remoteInfo = UITableViewAnimateCellContentSizeChange;
		};
		F7506A1422DA1FBF00EB4779 /* PBXContainerItemProxy */ = {
			isa = PBXContainerItemProxy;
			containerPortal = F75069EC22DA1FB600EB4779 /* Project object */;
			proxyType = 1;
			remoteGlobalIDString = F75069F322DA1FB600EB4779;
			remoteInfo = UITableViewAnimateCellContentSizeChange;
		};
/* End PBXContainerItemProxy section */

/* Begin PBXFileReference section */
		F75069F422DA1FB600EB4779 /* UITableViewAnimateCellContentSizeChange.app */ = {isa = PBXFileReference; explicitFileType = wrapper.application; includeInIndex = 0; path = UITableViewAnimateCellContentSizeChange.app; sourceTree = BUILT_PRODUCTS_DIR; };
		F75069F722DA1FB600EB4779 /* AppDelegate.swift */ = {isa = PBXFileReference; lastKnownFileType = sourcecode.swift; path = AppDelegate.swift; sourceTree = "<group>"; };
		F75069F922DA1FB600EB4779 /* ViewController.swift */ = {isa = PBXFileReference; lastKnownFileType = sourcecode.swift; path = ViewController.swift; sourceTree = "<group>"; };
		F75069FC22DA1FB600EB4779 /* Base */ = {isa = PBXFileReference; lastKnownFileType = file.storyboard; name = Base; path = Base.lproj/Main.storyboard; sourceTree = "<group>"; };
		F75069FE22DA1FBF00EB4779 /* Assets.xcassets */ = {isa = PBXFileReference; lastKnownFileType = folder.assetcatalog; path = Assets.xcassets; sourceTree = "<group>"; };
		F7506A0122DA1FBF00EB4779 /* Base */ = {isa = PBXFileReference; lastKnownFileType = file.storyboard; name = Base; path = Base.lproj/LaunchScreen.storyboard; sourceTree = "<group>"; };
		F7506A0322DA1FBF00EB4779 /* Info.plist */ = {isa = PBXFileReference; lastKnownFileType = text.plist.xml; path = Info.plist; sourceTree = "<group>"; };
		F7506A0822DA1FBF00EB4779 /* UITableViewAnimateCellContentSizeChangeTests.xctest */ = {isa = PBXFileReference; explicitFileType = wrapper.cfbundle; includeInIndex = 0; path = UITableViewAnimateCellContentSizeChangeTests.xctest; sourceTree = BUILT_PRODUCTS_DIR; };
		F7506A0C22DA1FBF00EB4779 /* UITableViewAnimateCellContentSizeChangeTests.swift */ = {isa = PBXFileReference; lastKnownFileType = sourcecode.swift; path = UITableViewAnimateCellContentSizeChangeTests.swift; sourceTree = "<group>"; };
		F7506A0E22DA1FBF00EB4779 /* Info.plist */ = {isa = PBXFileReference; lastKnownFileType = text.plist.xml; path = Info.plist; sourceTree = "<group>"; };
		F7506A1322DA1FBF00EB4779 /* UITableViewAnimateCellContentSizeChangeUITests.xctest */ = {isa = PBXFileReference; explicitFileType = wrapper.cfbundle; includeInIndex = 0; path = UITableViewAnimateCellContentSizeChangeUITests.xctest; sourceTree = BUILT_PRODUCTS_DIR; };
		F7506A1722DA1FC000EB4779 /* UITableViewAnimateCellContentSizeChangeUITests.swift */ = {isa = PBXFileReference; lastKnownFileType = sourcecode.swift; path = UITableViewAnimateCellContentSizeChangeUITests.swift; sourceTree = "<group>"; };
		F7506A1922DA1FC000EB4779 /* Info.plist */ = {isa = PBXFileReference; lastKnownFileType = text.plist.xml; path = Info.plist; sourceTree = "<group>"; };
/* End PBXFileReference section */

/* Begin PBXFrameworksBuildPhase section */
		F75069F122DA1FB600EB4779 /* Frameworks */ = {
			isa = PBXFrameworksBuildPhase;
			buildActionMask = 2147483647;
			files = (
			);
			runOnlyForDeploymentPostprocessing = 0;
		};
		F7506A0522DA1FBF00EB4779 /* Frameworks */ = {
			isa = PBXFrameworksBuildPhase;
			buildActionMask = 2147483647;
			files = (
			);
			runOnlyForDeploymentPostprocessing = 0;
		};
		F7506A1022DA1FBF00EB4779 /* Frameworks */ = {
			isa = PBXFrameworksBuildPhase;
			buildActionMask = 2147483647;
			files = (
			);
			runOnlyForDeploymentPostprocessing = 0;
		};
/* End PBXFrameworksBuildPhase section */

/* Begin PBXGroup section */
		F75069EB22DA1FB600EB4779 = {
			isa = PBXGroup;
			children = (
				F75069F622DA1FB600EB4779 /* UITableViewAnimateCellContentSizeChange */,
				F7506A0B22DA1FBF00EB4779 /* UITableViewAnimateCellContentSizeChangeTests */,
				F7506A1622DA1FBF00EB4779 /* UITableViewAnimateCellContentSizeChangeUITests */,
				F75069F522DA1FB600EB4779 /* Products */,
			);
			sourceTree = "<group>";
		};
		F75069F522DA1FB600EB4779 /* Products */ = {
			isa = PBXGroup;
			children = (
				F75069F422DA1FB600EB4779 /* UITableViewAnimateCellContentSizeChange.app */,
				F7506A0822DA1FBF00EB4779 /* UITableViewAnimateCellContentSizeChangeTests.xctest */,
				F7506A1322DA1FBF00EB4779 /* UITableViewAnimateCellContentSizeChangeUITests.xctest */,
			);
			name = Products;
			sourceTree = "<group>";
		};
		F75069F622DA1FB600EB4779 /* UITableViewAnimateCellContentSizeChange */ = {
			isa = PBXGroup;
			children = (
				F75069F722DA1FB600EB4779 /* AppDelegate.swift */,
				F75069F922DA1FB600EB4779 /* ViewController.swift */,
				F75069FB22DA1FB600EB4779 /* Main.storyboard */,
				F75069FE22DA1FBF00EB4779 /* Assets.xcassets */,
				F7506A0022DA1FBF00EB4779 /* LaunchScreen.storyboard */,
				F7506A0322DA1FBF00EB4779 /* Info.plist */,
			);
			path = UITableViewAnimateCellContentSizeChange;
			sourceTree = "<group>";
		};
		F7506A0B22DA1FBF00EB4779 /* UITableViewAnimateCellContentSizeChangeTests */ = {
			isa = PBXGroup;
			children = (
				F7506A0C22DA1FBF00EB4779 /* UITableViewAnimateCellContentSizeChangeTests.swift */,
				F7506A0E22DA1FBF00EB4779 /* Info.plist */,
			);
			path = UITableViewAnimateCellContentSizeChangeTests;
			sourceTree = "<group>";
		};
		F7506A1622DA1FBF00EB4779 /* UITableViewAnimateCellContentSizeChangeUITests */ = {
			isa = PBXGroup;
			children = (
				F7506A1722DA1FC000EB4779 /* UITableViewAnimateCellContentSizeChangeUITests.swift */,
				F7506A1922DA1FC000EB4779 /* Info.plist */,
			);
			path = UITableViewAnimateCellContentSizeChangeUITests;
			sourceTree = "<group>";
		};
/* End PBXGroup section */

/* Begin PBXNativeTarget section */
		F75069F322DA1FB600EB4779 /* UITableViewAnimateCellContentSizeChange */ = {
			isa = PBXNativeTarget;
			buildConfigurationList = F7506A1C22DA1FC000EB4779 /* Build configuration list for PBXNativeTarget "UITableViewAnimateCellContentSizeChange" */;
			buildPhases = (
				F75069F022DA1FB600EB4779 /* Sources */,
				F75069F122DA1FB600EB4779 /* Frameworks */,
				F75069F222DA1FB600EB4779 /* Resources */,
			);
			buildRules = (
			);
			dependencies = (
			);
			name = UITableViewAnimateCellContentSizeChange;
			productName = UITableViewAnimateCellContentSizeChange;
			productReference = F75069F422DA1FB600EB4779 /* UITableViewAnimateCellContentSizeChange.app */;
			productType = "com.apple.product-type.application";
		};
		F7506A0722DA1FBF00EB4779 /* UITableViewAnimateCellContentSizeChangeTests */ = {
			isa = PBXNativeTarget;
			buildConfigurationList = F7506A1F22DA1FC000EB4779 /* Build configuration list for PBXNativeTarget "UITableViewAnimateCellContentSizeChangeTests" */;
			buildPhases = (
				F7506A0422DA1FBF00EB4779 /* Sources */,
				F7506A0522DA1FBF00EB4779 /* Frameworks */,
				F7506A0622DA1FBF00EB4779 /* Resources */,
			);
			buildRules = (
			);
			dependencies = (
				F7506A0A22DA1FBF00EB4779 /* PBXTargetDependency */,
			);
			name = UITableViewAnimateCellContentSizeChangeTests;
			productName = UITableViewAnimateCellContentSizeChangeTests;
			productReference = F7506A0822DA1FBF00EB4779 /* UITableViewAnimateCellContentSizeChangeTests.xctest */;
			productType = "com.apple.product-type.bundle.unit-test";
		};
		F7506A1222DA1FBF00EB4779 /* UITableViewAnimateCellContentSizeChangeUITests */ = {
			isa = PBXNativeTarget;
			buildConfigurationList = F7506A2222DA1FC000EB4779 /* Build configuration list for PBXNativeTarget "UITableViewAnimateCellContentSizeChangeUITests" */;
			buildPhases = (
				F7506A0F22DA1FBF00EB4779 /* Sources */,
				F7506A1022DA1FBF00EB4779 /* Frameworks */,
				F7506A1122DA1FBF00EB4779 /* Resources */,
			);
			buildRules = (
			);
			dependencies = (
				F7506A1522DA1FBF00EB4779 /* PBXTargetDependency */,
			);
			name = UITableViewAnimateCellContentSizeChangeUITests;
			productName = UITableViewAnimateCellContentSizeChangeUITests;
			productReference = F7506A1322DA1FBF00EB4779 /* UITableViewAnimateCellContentSizeChangeUITests.xctest */;
			productType = "com.apple.product-type.bundle.ui-testing";
		};
/* End PBXNativeTarget section */

/* Begin PBXProject section */
		F75069EC22DA1FB600EB4779 /* Project object */ = {
			isa = PBXProject;
			attributes = {
				LastSwiftUpdateCheck = 1010;
				LastUpgradeCheck = 1010;
				ORGANIZATIONNAME = "Rotem walzer";
				TargetAttributes = {
					F75069F322DA1FB600EB4779 = {
						CreatedOnToolsVersion = 10.1;
					};
					F7506A0722DA1FBF00EB4779 = {
						CreatedOnToolsVersion = 10.1;
						TestTargetID = F75069F322DA1FB600EB4779;
					};
					F7506A1222DA1FBF00EB4779 = {
						CreatedOnToolsVersion = 10.1;
						TestTargetID = F75069F322DA1FB600EB4779;
					};
				};
			};
			buildConfigurationList = F75069EF22DA1FB600EB4779 /* Build configuration list for PBXProject "UITableViewAnimateCellContentSizeChange" */;
			compatibilityVersion = "Xcode 9.3";
			developmentRegion = en;
			hasScannedForEncodings = 0;
			knownRegions = (
				en,
				Base,
			);
			mainGroup = F75069EB22DA1FB600EB4779;
			productRefGroup = F75069F522DA1FB600EB4779 /* Products */;
			projectDirPath = "";
			projectRoot = "";
			targets = (
				F75069F322DA1FB600EB4779 /* UITableViewAnimateCellContentSizeChange */,
				F7506A0722DA1FBF00EB4779 /* UITableViewAnimateCellContentSizeChangeTests */,
				F7506A1222DA1FBF00EB4779 /* UITableViewAnimateCellContentSizeChangeUITests */,
			);
		};
/* End PBXProject section */

/* Begin PBXResourcesBuildPhase section */
		F75069F222DA1FB600EB4779 /* Resources */ = {
			isa = PBXResourcesBuildPhase;
			buildActionMask = 2147483647;
			files = (
				F7506A0222DA1FBF00EB4779 /* LaunchScreen.storyboard in Resources */,
				F75069FF22DA1FBF00EB4779 /* Assets.xcassets in Resources */,
				F75069FD22DA1FB600EB4779 /* Main.storyboard in Resources */,
			);
			runOnlyForDeploymentPostprocessing = 0;
		};
		F7506A0622DA1FBF00EB4779 /* Resources */ = {
			isa = PBXResourcesBuildPhase;
			buildActionMask = 2147483647;
			files = (
			);
			runOnlyForDeploymentPostprocessing = 0;
		};
		F7506A1122DA1FBF00EB4779 /* Resources */ = {
			isa = PBXResourcesBuildPhase;
			buildActionMask = 2147483647;
			files = (
			);
			runOnlyForDeploymentPostprocessing = 0;
		};
/* End PBXResourcesBuildPhase section */

/* Begin PBXSourcesBuildPhase section */
		F75069F022DA1FB600EB4779 /* Sources */ = {
			isa = PBXSourcesBuildPhase;
			buildActionMask = 2147483647;
			files = (
				F75069FA22DA1FB600EB4779 /* ViewController.swift in Sources */,
				F75069F822DA1FB600EB4779 /* AppDelegate.swift in Sources */,
			);
			runOnlyForDeploymentPostprocessing = 0;
		};
		F7506A0422DA1FBF00EB4779 /* Sources */ = {
			isa = PBXSourcesBuildPhase;
			buildActionMask = 2147483647;
			files = (
				F7506A0D22DA1FBF00EB4779 /* UITableViewAnimateCellContentSizeChangeTests.swift in Sources */,
			);
			runOnlyForDeploymentPostprocessing = 0;
		};
		F7506A0F22DA1FBF00EB4779 /* Sources */ = {
			isa = PBXSourcesBuildPhase;
			buildActionMask = 2147483647;
			files = (
				F7506A1822DA1FC000EB4779 /* UITableViewAnimateCellContentSizeChangeUITests.swift in Sources */,
			);
			runOnlyForDeploymentPostprocessing = 0;
		};
/* End PBXSourcesBuildPhase section */

/* Begin PBXTargetDependency section */
		F7506A0A22DA1FBF00EB4779 /* PBXTargetDependency */ = {
			isa = PBXTargetDependency;
			target = F75069F322DA1FB600EB4779 /* UITableViewAnimateCellContentSizeChange */;
			targetProxy = F7506A0922DA1FBF00EB4779 /* PBXContainerItemProxy */;
		};
		F7506A1522DA1FBF00EB4779 /* PBXTargetDependency */ = {
			isa = PBXTargetDependency;
			target = F75069F322DA1FB600EB4779 /* UITableViewAnimateCellContentSizeChange */;
			targetProxy = F7506A1422DA1FBF00EB4779 /* PBXContainerItemProxy */;
		};
/* End PBXTargetDependency section */

/* Begin PBXVariantGroup section */
		F75069FB22DA1FB600EB4779 /* Main.storyboard */ = {
			isa = PBXVariantGroup;
			children = (
				F75069FC22DA1FB600EB4779 /* Base */,
			);
			name = Main.storyboard;
			sourceTree = "<group>";
		};
		F7506A0022DA1FBF00EB4779 /* LaunchScreen.storyboard */ = {
			isa = PBXVariantGroup;
			children = (
				F7506A0122DA1FBF00EB4779 /* Base */,
			);
			name = LaunchScreen.storyboard;
			sourceTree = "<group>";
		};
/* End PBXVariantGroup section */

/* Begin XCBuildConfiguration section */
		F7506A1A22DA1FC000EB4779 /* Debug */ = {
			isa = XCBuildConfiguration;
			buildSettings = {
				ALWAYS_SEARCH_USER_PATHS = NO;
				CLANG_ANALYZER_NONNULL = YES;
				CLANG_ANALYZER_NUMBER_OBJECT_CONVERSION = YES_AGGRESSIVE;
				CLANG_CXX_LANGUAGE_STANDARD = "gnu++14";
				CLANG_CXX_LIBRARY = "libc++";
				CLANG_ENABLE_MODULES = YES;
				CLANG_ENABLE_OBJC_ARC = YES;
				CLANG_ENABLE_OBJC_WEAK = YES;
				CLANG_WARN_BLOCK_CAPTURE_AUTORELEASING = YES;
				CLANG_WARN_BOOL_CONVERSION = YES;
				CLANG_WARN_COMMA = YES;
				CLANG_WARN_CONSTANT_CONVERSION = YES;
				CLANG_WARN_DEPRECATED_OBJC_IMPLEMENTATIONS = YES;
				CLANG_WARN_DIRECT_OBJC_ISA_USAGE = YES_ERROR;
				CLANG_WARN_DOCUMENTATION_COMMENTS = YES;
				CLANG_WARN_EMPTY_BODY = YES;
				CLANG_WARN_ENUM_CONVERSION = YES;
				CLANG_WARN_INFINITE_RECURSION = YES;
				CLANG_WARN_INT_CONVERSION = YES;
				CLANG_WARN_NON_LITERAL_NULL_CONVERSION = YES;
				CLANG_WARN_OBJC_IMPLICIT_RETAIN_SELF = YES;
				CLANG_WARN_OBJC_LITERAL_CONVERSION = YES;
				CLANG_WARN_OBJC_ROOT_CLASS = YES_ERROR;
				CLANG_WARN_RANGE_LOOP_ANALYSIS = YES;
				CLANG_WARN_STRICT_PROTOTYPES = YES;
				CLANG_WARN_SUSPICIOUS_MOVE = YES;
				CLANG_WARN_UNGUARDED_AVAILABILITY = YES_AGGRESSIVE;
				CLANG_WARN_UNREACHABLE_CODE = YES;
				CLANG_WARN__DUPLICATE_METHOD_MATCH = YES;
				CODE_SIGN_IDENTITY = "iPhone Developer";
				COPY_PHASE_STRIP = NO;
				DEBUG_INFORMATION_FORMAT = dwarf;
				ENABLE_STRICT_OBJC_MSGSEND = YES;
				ENABLE_TESTABILITY = YES;
				GCC_C_LANGUAGE_STANDARD = gnu11;
				GCC_DYNAMIC_NO_PIC = NO;
				GCC_NO_COMMON_BLOCKS = YES;
				GCC_OPTIMIZATION_LEVEL = 0;
				GCC_PREPROCESSOR_DEFINITIONS = (
					"DEBUG=1",
					"$(inherited)",
				);
				GCC_WARN_64_TO_32_BIT_CONVERSION = YES;
				GCC_WARN_ABOUT_RETURN_TYPE = YES_ERROR;
				GCC_WARN_UNDECLARED_SELECTOR = YES;
				GCC_WARN_UNINITIALIZED_AUTOS = YES_AGGRESSIVE;
				GCC_WARN_UNUSED_FUNCTION = YES;
				GCC_WARN_UNUSED_VARIABLE = YES;
				IPHONEOS_DEPLOYMENT_TARGET = 12.1;
				MTL_ENABLE_DEBUG_INFO = INCLUDE_SOURCE;
				MTL_FAST_MATH = YES;
				ONLY_ACTIVE_ARCH = YES;
				SDKROOT = iphoneos;
				SWIFT_ACTIVE_COMPILATION_CONDITIONS = DEBUG;
				SWIFT_OPTIMIZATION_LEVEL = "-Onone";
			};
			name = Debug;
		};
		F7506A1B22DA1FC000EB4779 /* Release */ = {
			isa = XCBuildConfiguration;
			buildSettings = {
				ALWAYS_SEARCH_USER_PATHS = NO;
				CLANG_ANALYZER_NONNULL = YES;
				CLANG_ANALYZER_NUMBER_OBJECT_CONVERSION = YES_AGGRESSIVE;
				CLANG_CXX_LANGUAGE_STANDARD = "gnu++14";
				CLANG_CXX_LIBRARY = "libc++";
				CLANG_ENABLE_MODULES = YES;
				CLANG_ENABLE_OBJC_ARC = YES;
				CLANG_ENABLE_OBJC_WEAK = YES;
				CLANG_WARN_BLOCK_CAPTURE_AUTORELEASING = YES;
				CLANG_WARN_BOOL_CONVERSION = YES;
				CLANG_WARN_COMMA = YES;
				CLANG_WARN_CONSTANT_CONVERSION = YES;
				CLANG_WARN_DEPRECATED_OBJC_IMPLEMENTATIONS = YES;
				CLANG_WARN_DIRECT_OBJC_ISA_USAGE = YES_ERROR;
				CLANG_WARN_DOCUMENTATION_COMMENTS = YES;
				CLANG_WARN_EMPTY_BODY = YES;
				CLANG_WARN_ENUM_CONVERSION = YES;
				CLANG_WARN_INFINITE_RECURSION = YES;
				CLANG_WARN_INT_CONVERSION = YES;
				CLANG_WARN_NON_LITERAL_NULL_CONVERSION = YES;
				CLANG_WARN_OBJC_IMPLICIT_RETAIN_SELF = YES;
				CLANG_WARN_OBJC_LITERAL_CONVERSION = YES;
				CLANG_WARN_OBJC_ROOT_CLASS = YES_ERROR;
				CLANG_WARN_RANGE_LOOP_ANALYSIS = YES;
				CLANG_WARN_STRICT_PROTOTYPES = YES;
				CLANG_WARN_SUSPICIOUS_MOVE = YES;
				CLANG_WARN_UNGUARDED_AVAILABILITY = YES_AGGRESSIVE;
				CLANG_WARN_UNREACHABLE_CODE = YES;
				CLANG_WARN__DUPLICATE_METHOD_MATCH = YES;
				CODE_SIGN_IDENTITY = "iPhone Developer";
				COPY_PHASE_STRIP = NO;
				DEBUG_INFORMATION_FORMAT = "dwarf-with-dsym";
				ENABLE_NS_ASSERTIONS = NO;
				ENABLE_STRICT_OBJC_MSGSEND = YES;
				GCC_C_LANGUAGE_STANDARD = gnu11;
				GCC_NO_COMMON_BLOCKS = YES;
				GCC_WARN_64_TO_32_BIT_CONVERSION = YES;
				GCC_WARN_ABOUT_RETURN_TYPE = YES_ERROR;
				GCC_WARN_UNDECLARED_SELECTOR = YES;
				GCC_WARN_UNINITIALIZED_AUTOS = YES_AGGRESSIVE;
				GCC_WARN_UNUSED_FUNCTION = YES;
				GCC_WARN_UNUSED_VARIABLE = YES;
				IPHONEOS_DEPLOYMENT_TARGET = 12.1;
				MTL_ENABLE_DEBUG_INFO = NO;
				MTL_FAST_MATH = YES;
				SDKROOT = iphoneos;
				SWIFT_COMPILATION_MODE = wholemodule;
				SWIFT_OPTIMIZATION_LEVEL = "-O";
				VALIDATE_PRODUCT = YES;
			};
			name = Release;
		};
		F7506A1D22DA1FC000EB4779 /* Debug */ = {
			isa = XCBuildConfiguration;
			buildSettings = {
				ASSETCATALOG_COMPILER_APPICON_NAME = AppIcon;
				CODE_SIGN_STYLE = Automatic;
				DEVELOPMENT_TEAM = GA3LC47ZM3;
				INFOPLIST_FILE = UITableViewAnimateCellContentSizeChange/Info.plist;
				LD_RUNPATH_SEARCH_PATHS = (
					"$(inherited)",
					"@executable_path/Frameworks",
				);
				PRODUCT_BUNDLE_IDENTIFIER = roeyhonig.UITableViewAnimateCellContentSizeChange;
				PRODUCT_NAME = "$(TARGET_NAME)";
				SWIFT_VERSION = 4.2;
				TARGETED_DEVICE_FAMILY = "1,2";
			};
			name = Debug;
		};
		F7506A1E22DA1FC000EB4779 /* Release */ = {
			isa = XCBuildConfiguration;
			buildSettings = {
				ASSETCATALOG_COMPILER_APPICON_NAME = AppIcon;
				CODE_SIGN_STYLE = Automatic;
				DEVELOPMENT_TEAM = GA3LC47ZM3;
				INFOPLIST_FILE = UITableViewAnimateCellContentSizeChange/Info.plist;
				LD_RUNPATH_SEARCH_PATHS = (
					"$(inherited)",
					"@executable_path/Frameworks",
				);
				PRODUCT_BUNDLE_IDENTIFIER = roeyhonig.UITableViewAnimateCellContentSizeChange;
				PRODUCT_NAME = "$(TARGET_NAME)";
				SWIFT_VERSION = 4.2;
				TARGETED_DEVICE_FAMILY = "1,2";
			};
			name = Release;
		};
		F7506A2022DA1FC000EB4779 /* Debug */ = {
			isa = XCBuildConfiguration;
			buildSettings = {
				ALWAYS_EMBED_SWIFT_STANDARD_LIBRARIES = YES;
				BUNDLE_LOADER = "$(TEST_HOST)";
				CODE_SIGN_STYLE = Automatic;
				DEVELOPMENT_TEAM = GA3LC47ZM3;
				INFOPLIST_FILE = UITableViewAnimateCellContentSizeChangeTests/Info.plist;
				LD_RUNPATH_SEARCH_PATHS = (
					"$(inherited)",
					"@executable_path/Frameworks",
					"@loader_path/Frameworks",
				);
				PRODUCT_BUNDLE_IDENTIFIER = roeyhonig.UITableViewAnimateCellContentSizeChangeTests;
				PRODUCT_NAME = "$(TARGET_NAME)";
				SWIFT_VERSION = 4.2;
				TARGETED_DEVICE_FAMILY = "1,2";
				TEST_HOST = "$(BUILT_PRODUCTS_DIR)/UITableViewAnimateCellContentSizeChange.app/UITableViewAnimateCellContentSizeChange";
			};
			name = Debug;
		};
		F7506A2122DA1FC000EB4779 /* Release */ = {
			isa = XCBuildConfiguration;
			buildSettings = {
				ALWAYS_EMBED_SWIFT_STANDARD_LIBRARIES = YES;
				BUNDLE_LOADER = "$(TEST_HOST)";
				CODE_SIGN_STYLE = Automatic;
				DEVELOPMENT_TEAM = GA3LC47ZM3;
				INFOPLIST_FILE = UITableViewAnimateCellContentSizeChangeTests/Info.plist;
				LD_RUNPATH_SEARCH_PATHS = (
					"$(inherited)",
					"@executable_path/Frameworks",
					"@loader_path/Frameworks",
				);
				PRODUCT_BUNDLE_IDENTIFIER = roeyhonig.UITableViewAnimateCellContentSizeChangeTests;
				PRODUCT_NAME = "$(TARGET_NAME)";
				SWIFT_VERSION = 4.2;
				TARGETED_DEVICE_FAMILY = "1,2";
				TEST_HOST = "$(BUILT_PRODUCTS_DIR)/UITableViewAnimateCellContentSizeChange.app/UITableViewAnimateCellContentSizeChange";
			};
			name = Release;
		};
		F7506A2322DA1FC000EB4779 /* Debug */ = {
			isa = XCBuildConfiguration;
			buildSettings = {
				ALWAYS_EMBED_SWIFT_STANDARD_LIBRARIES = YES;
				CODE_SIGN_STYLE = Automatic;
				DEVELOPMENT_TEAM = GA3LC47ZM3;
				INFOPLIST_FILE = UITableViewAnimateCellContentSizeChangeUITests/Info.plist;
				LD_RUNPATH_SEARCH_PATHS = (
					"$(inherited)",
					"@executable_path/Frameworks",
					"@loader_path/Frameworks",
				);
				PRODUCT_BUNDLE_IDENTIFIER = roeyhonig.UITableViewAnimateCellContentSizeChangeUITests;
				PRODUCT_NAME = "$(TARGET_NAME)";
				SWIFT_VERSION = 4.2;
				TARGETED_DEVICE_FAMILY = "1,2";
				TEST_TARGET_NAME = UITableViewAnimateCellContentSizeChange;
			};
			name = Debug;
		};
		F7506A2422DA1FC000EB4779 /* Release */ = {
			isa = XCBuildConfiguration;
			buildSettings = {
				ALWAYS_EMBED_SWIFT_STANDARD_LIBRARIES = YES;
				CODE_SIGN_STYLE = Automatic;
				DEVELOPMENT_TEAM = GA3LC47ZM3;
				INFOPLIST_FILE = UITableViewAnimateCellContentSizeChangeUITests/Info.plist;
				LD_RUNPATH_SEARCH_PATHS = (
					"$(inherited)",
					"@executable_path/Frameworks",
					"@loader_path/Frameworks",
				);
				PRODUCT_BUNDLE_IDENTIFIER = roeyhonig.UITableViewAnimateCellContentSizeChangeUITests;
				PRODUCT_NAME = "$(TARGET_NAME)";
				SWIFT_VERSION = 4.2;
				TARGETED_DEVICE_FAMILY = "1,2";
				TEST_TARGET_NAME = UITableViewAnimateCellContentSizeChange;
			};
			name = Release;
		};
/* End XCBuildConfiguration section */

/* Begin XCConfigurationList section */
		F75069EF22DA1FB600EB4779 /* Build configuration list for PBXProject "UITableViewAnimateCellContentSizeChange" */ = {
			isa = XCConfigurationList;
			buildConfigurations = (
				F7506A1A22DA1FC000EB4779 /* Debug */,
				F7506A1B22DA1FC000EB4779 /* Release */,
			);
			defaultConfigurationIsVisible = 0;
			defaultConfigurationName = Release;
		};
		F7506A1C22DA1FC000EB4779 /* Build configuration list for PBXNativeTarget "UITableViewAnimateCellContentSizeChange" */ = {
			isa = XCConfigurationList;
			buildConfigurations = (
				F7506A1D22DA1FC000EB4779 /* Debug */,
				F7506A1E22DA1FC000EB4779 /* Release */,
			);
			defaultConfigurationIsVisible = 0;
			defaultConfigurationName = Release;
		};
		F7506A1F22DA1FC000EB4779 /* Build configuration list for PBXNativeTarget "UITableViewAnimateCellContentSizeChangeTests" */ = {
			isa = XCConfigurationList;
			buildConfigurations = (
				F7506A2022DA1FC000EB4779 /* Debug */,
				F7506A2122DA1FC000EB4779 /* Release */,
			);
			defaultConfigurationIsVisible = 0;
			defaultConfigurationName = Release;
		};
		F7506A2222DA1FC000EB4779 /* Build configuration list for PBXNativeTarget "UITableViewAnimateCellContentSizeChangeUITests" */ = {
			isa = XCConfigurationList;
			buildConfigurations = (
				F7506A2322DA1FC000EB4779 /* Debug */,
				F7506A2422DA1FC000EB4779 /* Release */,
			);
			defaultConfigurationIsVisible = 0;
			defaultConfigurationName = Release;
		};
/* End XCConfigurationList section */
	};
	rootObject = F75069EC22DA1FB600EB4779 /* Project object */;
}
